
Microsoft Visual Studio Solution File, Format Version 12.00
# Visual Studio Version 17
VisualStudioVersion = 17.10.34916.146
MinimumVisualStudioVersion = 10.0.40219.1
Project("{FAE04EC0-301F-11D3-BF4B-00C04F79EFBC}") = "GUI", "GUI\GUI.csproj", "{2D7D3259-51F9-4ED9-96F5-1BF16DF04748}"
EndProject
Project("{FAE04EC0-301F-11D3-BF4B-00C04F79EFBC}") = "BLL", "BLL\BLL.csproj", "{728FEE50-94CF-4411-B13F-B8A5416A16C0}"
EndProject
Project("{FAE04EC0-301F-11D3-BF4B-00C04F79EFBC}") = "DAL", "DAL\DAL.csproj", "{CAF8767C-1B32-4471-89C1-67D548E16211}"
EndProject
Project("{FAE04EC0-301F-11D3-BF4B-00C04F79EFBC}") = "DTO", "DTO\DTO.csproj", "{075C1CC2-B56A-4776-B019-F0618EDD2491}"
EndProject
Project("{2150E333-8FDC-42A3-9474-1A3956D46DE8}") = "Solution Items", "Solution Items", "{E57E64E7-53BD-445A-9D72-3E633178595D}"
	ProjectSection(SolutionItems) = preProject
		.editorconfig = .editorconfig
		appSettings.json = appSettings.json
	EndProjectSection
EndProject
Global
	GlobalSection(SolutionConfigurationPlatforms) = preSolution
		Debug|Any CPU = Debug|Any CPU
		Release|Any CPU = Release|Any CPU
	EndGlobalSection
	GlobalSection(ProjectConfigurationPlatforms) = postSolution
		{2D7D3259-51F9-4ED9-96F5-1BF16DF04748}.Debug|Any CPU.ActiveCfg = Debug|Any CPU
		{2D7D3259-51F9-4ED9-96F5-1BF16DF04748}.Debug|Any CPU.Build.0 = Debug|Any CPU
		{2D7D3259-51F9-4ED9-96F5-1BF16DF04748}.Release|Any CPU.ActiveCfg = Release|Any CPU
		{2D7D3259-51F9-4ED9-96F5-1BF16DF04748}.Release|Any CPU.Build.0 = Release|Any CPU
		{728FEE50-94CF-4411-B13F-B8A5416A16C0}.Debug|Any CPU.ActiveCfg = Debug|Any CPU
		{728FEE50-94CF-4411-B13F-B8A5416A16C0}.Debug|Any CPU.Build.0 = Debug|Any CPU
		{728FEE50-94CF-4411-B13F-B8A5416A16C0}.Release|Any CPU.ActiveCfg = Release|Any CPU
		{728FEE50-94CF-4411-B13F-B8A5416A16C0}.Release|Any CPU.Build.0 = Release|Any CPU
		{CAF8767C-1B32-4471-89C1-67D548E16211}.Debug|Any CPU.ActiveCfg = Debug|Any CPU
		{CAF8767C-1B32-4471-89C1-67D548E16211}.Debug|Any CPU.Build.0 = Debug|Any CPU
		{CAF8767C-1B32-4471-89C1-67D548E16211}.Release|Any CPU.ActiveCfg = Release|Any CPU
		{CAF8767C-1B32-4471-89C1-67D548E16211}.Release|Any CPU.Build.0 = Release|Any CPU
		{075C1CC2-B56A-4776-B019-F0618EDD2491}.Debug|Any CPU.ActiveCfg = Debug|Any CPU
		{075C1CC2-B56A-4776-B019-F0618EDD2491}.Debug|Any CPU.Build.0 = Debug|Any CPU
		{075C1CC2-B56A-4776-B019-F0618EDD2491}.Release|Any CPU.ActiveCfg = Release|Any CPU
		{075C1CC2-B56A-4776-B019-F0618EDD2491}.Release|Any CPU.Build.0 = Release|Any CPU
	EndGlobalSection
	GlobalSection(SolutionProperties) = preSolution
		HideSolutionNode = FALSE
	EndGlobalSection
	GlobalSection(ExtensibilityGlobals) = postSolution
		SolutionGuid = {69056846-7CD6-4758-BF7B-10ACCAC48EA3}
	EndGlobalSection
EndGlobal
